
Microsoft Visual Studio Solution File, Format Version 12.00
# Visual Studio Version 17
VisualStudioVersion = 17.8.34309.116
MinimumVisualStudioVersion = 10.0.40219.1
Project("{FAE04EC0-301F-11D3-BF4B-00C04F79EFBC}") = "hangman", "hangman\hangman.csproj", "{E68C95D1-4786-4F9C-A8A3-489CA990A031}"
EndProject
Global
	GlobalSection(SolutionConfigurationPlatforms) = preSolution
		Debug|Any CPU = Debug|Any CPU
		Release|Any CPU = Release|Any CPU
	EndGlobalSection
	GlobalSection(ProjectConfigurationPlatforms) = postSolution
		{E68C95D1-4786-4F9C-A8A3-489CA990A031}.Debug|Any CPU.ActiveCfg = Debug|Any CPU
		{E68C95D1-4786-4F9C-A8A3-489CA990A031}.Debug|Any CPU.Build.0 = Debug|Any CPU
		{E68C95D1-4786-4F9C-A8A3-489CA990A031}.Release|Any CPU.ActiveCfg = Release|Any CPU
		{E68C95D1-4786-4F9C-A8A3-489CA990A031}.Release|Any CPU.Build.0 = Release|Any CPU
	EndGlobalSection
	GlobalSection(SolutionProperties) = preSolution
		HideSolutionNode = FALSE
	EndGlobalSection
	GlobalSection(ExtensibilityGlobals) = postSolution
		SolutionGuid = {C9CB550C-501E-4B5E-A715-E795EFBC4864}
	EndGlobalSection
EndGlobal
